
Microsoft Visual Studio Solution File, Format Version 12.00
# Visual Studio 15
VisualStudioVersion = 15.0.27004.2005
MinimumVisualStudioVersion = 10.0.40219.1
Project("{FAE04EC0-301F-11D3-BF4B-00C04F79EFBC}") = "App.Android", "App\App.Android\App.Android.csproj", "{180D1D78-8A50-4EE5-9E3C-F1AF8E162693}"
EndProject
Project("{FAE04EC0-301F-11D3-BF4B-00C04F79EFBC}") = "App", "App\App\App.csproj", "{8DAB4EF9-4C84-48E2-85F2-4A7F208A76DE}"
EndProject
Project("{FAE04EC0-301F-11D3-BF4B-00C04F79EFBC}") = "App.UWP", "App\App.UWP\App.UWP.csproj", "{55DF7637-8471-43C9-A6FF-EFC7A1896A11}"
EndProject
Project("{FAE04EC0-301F-11D3-BF4B-00C04F79EFBC}") = "App.iOS", "App\App.iOS\App.iOS.csproj", "{DB92A2CD-9A3A-4543-AEAD-3C39302047CB}"
EndProject
Global
	GlobalSection(SolutionConfigurationPlatforms) = preSolution
		Ad-Hoc|Any CPU = Ad-Hoc|Any CPU
		Ad-Hoc|ARM = Ad-Hoc|ARM
		Ad-Hoc|iPhone = Ad-Hoc|iPhone
		Ad-Hoc|iPhoneSimulator = Ad-Hoc|iPhoneSimulator
		Ad-Hoc|x64 = Ad-Hoc|x64
		Ad-Hoc|x86 = Ad-Hoc|x86
		AppStore|Any CPU = AppStore|Any CPU
		AppStore|ARM = AppStore|ARM
		AppStore|iPhone = AppStore|iPhone
		AppStore|iPhoneSimulator = AppStore|iPhoneSimulator
		AppStore|x64 = AppStore|x64
		AppStore|x86 = AppStore|x86
		Debug|Any CPU = Debug|Any CPU
		Debug|ARM = Debug|ARM
		Debug|iPhone = Debug|iPhone
		Debug|iPhoneSimulator = Debug|iPhoneSimulator
		Debug|x64 = Debug|x64
		Debug|x86 = Debug|x86
		Release|Any CPU = Release|Any CPU
		Release|ARM = Release|ARM
		Release|iPhone = Release|iPhone
		Release|iPhoneSimulator = Release|iPhoneSimulator
		Release|x64 = Release|x64
		Release|x86 = Release|x86
	EndGlobalSection
	GlobalSection(ProjectConfigurationPlatforms) = postSolution
		{180D1D78-8A50-4EE5-9E3C-F1AF8E162693}.Ad-Hoc|Any CPU.ActiveCfg = Release|Any CPU
		{180D1D78-8A50-4EE5-9E3C-F1AF8E162693}.Ad-Hoc|Any CPU.Build.0 = Release|Any CPU
		{180D1D78-8A50-4EE5-9E3C-F1AF8E162693}.Ad-Hoc|Any CPU.Deploy.0 = Release|Any CPU
		{180D1D78-8A50-4EE5-9E3C-F1AF8E162693}.Ad-Hoc|ARM.ActiveCfg = Release|Any CPU
		{180D1D78-8A50-4EE5-9E3C-F1AF8E162693}.Ad-Hoc|ARM.Build.0 = Release|Any CPU
		{180D1D78-8A50-4EE5-9E3C-F1AF8E162693}.Ad-Hoc|ARM.Deploy.0 = Release|Any CPU
		{180D1D78-8A50-4EE5-9E3C-F1AF8E162693}.Ad-Hoc|iPhone.ActiveCfg = Release|Any CPU
		{180D1D78-8A50-4EE5-9E3C-F1AF8E162693}.Ad-Hoc|iPhone.Build.0 = Release|Any CPU
		{180D1D78-8A50-4EE5-9E3C-F1AF8E162693}.Ad-Hoc|iPhone.Deploy.0 = Release|Any CPU
		{180D1D78-8A50-4EE5-9E3C-F1AF8E162693}.Ad-Hoc|iPhoneSimulator.ActiveCfg = Release|Any CPU
		{180D1D78-8A50-4EE5-9E3C-F1AF8E162693}.Ad-Hoc|iPhoneSimulator.Build.0 = Release|Any CPU
		{180D1D78-8A50-4EE5-9E3C-F1AF8E162693}.Ad-Hoc|iPhoneSimulator.Deploy.0 = Release|Any CPU
		{180D1D78-8A50-4EE5-9E3C-F1AF8E162693}.Ad-Hoc|x64.ActiveCfg = Release|Any CPU
		{180D1D78-8A50-4EE5-9E3C-F1AF8E162693}.Ad-Hoc|x64.Build.0 = Release|Any CPU
		{180D1D78-8A50-4EE5-9E3C-F1AF8E162693}.Ad-Hoc|x64.Deploy.0 = Release|Any CPU
		{180D1D78-8A50-4EE5-9E3C-F1AF8E162693}.Ad-Hoc|x86.ActiveCfg = Release|Any CPU
		{180D1D78-8A50-4EE5-9E3C-F1AF8E162693}.Ad-Hoc|x86.Build.0 = Release|Any CPU
		{180D1D78-8A50-4EE5-9E3C-F1AF8E162693}.Ad-Hoc|x86.Deploy.0 = Release|Any CPU
		{180D1D78-8A50-4EE5-9E3C-F1AF8E162693}.AppStore|Any CPU.ActiveCfg = Release|Any CPU
		{180D1D78-8A50-4EE5-9E3C-F1AF8E162693}.AppStore|Any CPU.Build.0 = Release|Any CPU
		{180D1D78-8A50-4EE5-9E3C-F1AF8E162693}.AppStore|Any CPU.Deploy.0 = Release|Any CPU
		{180D1D78-8A50-4EE5-9E3C-F1AF8E162693}.AppStore|ARM.ActiveCfg = Release|Any CPU
		{180D1D78-8A50-4EE5-9E3C-F1AF8E162693}.AppStore|ARM.Build.0 = Release|Any CPU
		{180D1D78-8A50-4EE5-9E3C-F1AF8E162693}.AppStore|ARM.Deploy.0 = Release|Any CPU
		{180D1D78-8A50-4EE5-9E3C-F1AF8E162693}.AppStore|iPhone.ActiveCfg = Release|Any CPU
		{180D1D78-8A50-4EE5-9E3C-F1AF8E162693}.AppStore|iPhone.Build.0 = Release|Any CPU
		{180D1D78-8A50-4EE5-9E3C-F1AF8E162693}.AppStore|iPhone.Deploy.0 = Release|Any CPU
		{180D1D78-8A50-4EE5-9E3C-F1AF8E162693}.AppStore|iPhoneSimulator.ActiveCfg = Release|Any CPU
		{180D1D78-8A50-4EE5-9E3C-F1AF8E162693}.AppStore|iPhoneSimulator.Build.0 = Release|Any CPU
		{180D1D78-8A50-4EE5-9E3C-F1AF8E162693}.AppStore|iPhoneSimulator.Deploy.0 = Release|Any CPU
		{180D1D78-8A50-4EE5-9E3C-F1AF8E162693}.AppStore|x64.ActiveCfg = Release|Any CPU
		{180D1D78-8A50-4EE5-9E3C-F1AF8E162693}.AppStore|x64.Build.0 = Release|Any CPU
		{180D1D78-8A50-4EE5-9E3C-F1AF8E162693}.AppStore|x64.Deploy.0 = Release|Any CPU
		{180D1D78-8A50-4EE5-9E3C-F1AF8E162693}.AppStore|x86.ActiveCfg = Release|Any CPU
		{180D1D78-8A50-4EE5-9E3C-F1AF8E162693}.AppStore|x86.Build.0 = Release|Any CPU
		{180D1D78-8A50-4EE5-9E3C-F1AF8E162693}.AppStore|x86.Deploy.0 = Release|Any CPU
		{180D1D78-8A50-4EE5-9E3C-F1AF8E162693}.Debug|Any CPU.ActiveCfg = Debug|Any CPU
		{180D1D78-8A50-4EE5-9E3C-F1AF8E162693}.Debug|Any CPU.Build.0 = Debug|Any CPU
		{180D1D78-8A50-4EE5-9E3C-F1AF8E162693}.Debug|Any CPU.Deploy.0 = Debug|Any CPU
		{180D1D78-8A50-4EE5-9E3C-F1AF8E162693}.Debug|ARM.ActiveCfg = Debug|Any CPU
		{180D1D78-8A50-4EE5-9E3C-F1AF8E162693}.Debug|ARM.Build.0 = Debug|Any CPU
		{180D1D78-8A50-4EE5-9E3C-F1AF8E162693}.Debug|ARM.Deploy.0 = Debug|Any CPU
		{180D1D78-8A50-4EE5-9E3C-F1AF8E162693}.Debug|iPhone.ActiveCfg = Debug|Any CPU
		{180D1D78-8A50-4EE5-9E3C-F1AF8E162693}.Debug|iPhone.Build.0 = Debug|Any CPU
		{180D1D78-8A50-4EE5-9E3C-F1AF8E162693}.Debug|iPhone.Deploy.0 = Debug|Any CPU
		{180D1D78-8A50-4EE5-9E3C-F1AF8E162693}.Debug|iPhoneSimulator.ActiveCfg = Debug|Any CPU
		{180D1D78-8A50-4EE5-9E3C-F1AF8E162693}.Debug|iPhoneSimulator.Build.0 = Debug|Any CPU
		{180D1D78-8A50-4EE5-9E3C-F1AF8E162693}.Debug|iPhoneSimulator.Deploy.0 = Debug|Any CPU
		{180D1D78-8A50-4EE5-9E3C-F1AF8E162693}.Debug|x64.ActiveCfg = Debug|Any CPU
		{180D1D78-8A50-4EE5-9E3C-F1AF8E162693}.Debug|x64.Build.0 = Debug|Any CPU
		{180D1D78-8A50-4EE5-9E3C-F1AF8E162693}.Debug|x64.Deploy.0 = Debug|Any CPU
		{180D1D78-8A50-4EE5-9E3C-F1AF8E162693}.Debug|x86.ActiveCfg = Debug|Any CPU
		{180D1D78-8A50-4EE5-9E3C-F1AF8E162693}.Debug|x86.Build.0 = Debug|Any CPU
		{180D1D78-8A50-4EE5-9E3C-F1AF8E162693}.Debug|x86.Deploy.0 = Debug|Any CPU
		{180D1D78-8A50-4EE5-9E3C-F1AF8E162693}.Release|Any CPU.ActiveCfg = Release|Any CPU
		{180D1D78-8A50-4EE5-9E3C-F1AF8E162693}.Release|Any CPU.Build.0 = Release|Any CPU
		{180D1D78-8A50-4EE5-9E3C-F1AF8E162693}.Release|Any CPU.Deploy.0 = Release|Any CPU
		{180D1D78-8A50-4EE5-9E3C-F1AF8E162693}.Release|ARM.ActiveCfg = Release|Any CPU
		{180D1D78-8A50-4EE5-9E3C-F1AF8E162693}.Release|ARM.Build.0 = Release|Any CPU
		{180D1D78-8A50-4EE5-9E3C-F1AF8E162693}.Release|ARM.Deploy.0 = Release|Any CPU
		{180D1D78-8A50-4EE5-9E3C-F1AF8E162693}.Release|iPhone.ActiveCfg = Release|Any CPU
		{180D1D78-8A50-4EE5-9E3C-F1AF8E162693}.Release|iPhone.Build.0 = Release|Any CPU
		{180D1D78-8A50-4EE5-9E3C-F1AF8E162693}.Release|iPhone.Deploy.0 = Release|Any CPU
		{180D1D78-8A50-4EE5-9E3C-F1AF8E162693}.Release|iPhoneSimulator.ActiveCfg = Release|Any CPU
		{180D1D78-8A50-4EE5-9E3C-F1AF8E162693}.Release|iPhoneSimulator.Build.0 = Release|Any CPU
		{180D1D78-8A50-4EE5-9E3C-F1AF8E162693}.Release|iPhoneSimulator.Deploy.0 = Release|Any CPU
		{180D1D78-8A50-4EE5-9E3C-F1AF8E162693}.Release|x64.ActiveCfg = Release|Any CPU
		{180D1D78-8A50-4EE5-9E3C-F1AF8E162693}.Release|x64.Build.0 = Release|Any CPU
		{180D1D78-8A50-4EE5-9E3C-F1AF8E162693}.Release|x64.Deploy.0 = Release|Any CPU
		{180D1D78-8A50-4EE5-9E3C-F1AF8E162693}.Release|x86.ActiveCfg = Release|Any CPU
		{180D1D78-8A50-4EE5-9E3C-F1AF8E162693}.Release|x86.Build.0 = Release|Any CPU
		{180D1D78-8A50-4EE5-9E3C-F1AF8E162693}.Release|x86.Deploy.0 = Release|Any CPU
		{8DAB4EF9-4C84-48E2-85F2-4A7F208A76DE}.Ad-Hoc|Any CPU.ActiveCfg = Release|Any CPU
		{8DAB4EF9-4C84-48E2-85F2-4A7F208A76DE}.Ad-Hoc|Any CPU.Build.0 = Release|Any CPU
		{8DAB4EF9-4C84-48E2-85F2-4A7F208A76DE}.Ad-Hoc|ARM.ActiveCfg = Release|Any CPU
		{8DAB4EF9-4C84-48E2-85F2-4A7F208A76DE}.Ad-Hoc|ARM.Build.0 = Release|Any CPU
		{8DAB4EF9-4C84-48E2-85F2-4A7F208A76DE}.Ad-Hoc|iPhone.ActiveCfg = Release|Any CPU
		{8DAB4EF9-4C84-48E2-85F2-4A7F208A76DE}.Ad-Hoc|iPhone.Build.0 = Release|Any CPU
		{8DAB4EF9-4C84-48E2-85F2-4A7F208A76DE}.Ad-Hoc|iPhoneSimulator.ActiveCfg = Release|Any CPU
		{8DAB4EF9-4C84-48E2-85F2-4A7F208A76DE}.Ad-Hoc|iPhoneSimulator.Build.0 = Release|Any CPU
		{8DAB4EF9-4C84-48E2-85F2-4A7F208A76DE}.Ad-Hoc|x64.ActiveCfg = Release|Any CPU
		{8DAB4EF9-4C84-48E2-85F2-4A7F208A76DE}.Ad-Hoc|x64.Build.0 = Release|Any CPU
		{8DAB4EF9-4C84-48E2-85F2-4A7F208A76DE}.Ad-Hoc|x86.ActiveCfg = Release|Any CPU
		{8DAB4EF9-4C84-48E2-85F2-4A7F208A76DE}.Ad-Hoc|x86.Build.0 = Release|Any CPU
		{8DAB4EF9-4C84-48E2-85F2-4A7F208A76DE}.AppStore|Any CPU.ActiveCfg = Release|Any CPU
		{8DAB4EF9-4C84-48E2-85F2-4A7F208A76DE}.AppStore|Any CPU.Build.0 = Release|Any CPU
		{8DAB4EF9-4C84-48E2-85F2-4A7F208A76DE}.AppStore|ARM.ActiveCfg = Release|Any CPU
		{8DAB4EF9-4C84-48E2-85F2-4A7F208A76DE}.AppStore|ARM.Build.0 = Release|Any CPU
		{8DAB4EF9-4C84-48E2-85F2-4A7F208A76DE}.AppStore|iPhone.ActiveCfg = Release|Any CPU
		{8DAB4EF9-4C84-48E2-85F2-4A7F208A76DE}.AppStore|iPhone.Build.0 = Release|Any CPU
		{8DAB4EF9-4C84-48E2-85F2-4A7F208A76DE}.AppStore|iPhoneSimulator.ActiveCfg = Release|Any CPU
		{8DAB4EF9-4C84-48E2-85F2-4A7F208A76DE}.AppStore|iPhoneSimulator.Build.0 = Release|Any CPU
		{8DAB4EF9-4C84-48E2-85F2-4A7F208A76DE}.AppStore|x64.ActiveCfg = Release|Any CPU
		{8DAB4EF9-4C84-48E2-85F2-4A7F208A76DE}.AppStore|x64.Build.0 = Release|Any CPU
		{8DAB4EF9-4C84-48E2-85F2-4A7F208A76DE}.AppStore|x86.ActiveCfg = Release|Any CPU
		{8DAB4EF9-4C84-48E2-85F2-4A7F208A76DE}.AppStore|x86.Build.0 = Release|Any CPU
		{8DAB4EF9-4C84-48E2-85F2-4A7F208A76DE}.Debug|Any CPU.ActiveCfg = Debug|Any CPU
		{8DAB4EF9-4C84-48E2-85F2-4A7F208A76DE}.Debug|Any CPU.Build.0 = Debug|Any CPU
		{8DAB4EF9-4C84-48E2-85F2-4A7F208A76DE}.Debug|ARM.ActiveCfg = Debug|Any CPU
		{8DAB4EF9-4C84-48E2-85F2-4A7F208A76DE}.Debug|ARM.Build.0 = Debug|Any CPU
		{8DAB4EF9-4C84-48E2-85F2-4A7F208A76DE}.Debug|iPhone.ActiveCfg = Debug|Any CPU
		{8DAB4EF9-4C84-48E2-85F2-4A7F208A76DE}.Debug|iPhone.Build.0 = Debug|Any CPU
		{8DAB4EF9-4C84-48E2-85F2-4A7F208A76DE}.Debug|iPhoneSimulator.ActiveCfg = Debug|Any CPU
		{8DAB4EF9-4C84-48E2-85F2-4A7F208A76DE}.Debug|iPhoneSimulator.Build.0 = Debug|Any CPU
		{8DAB4EF9-4C84-48E2-85F2-4A7F208A76DE}.Debug|x64.ActiveCfg = Debug|Any CPU
		{8DAB4EF9-4C84-48E2-85F2-4A7F208A76DE}.Debug|x64.Build.0 = Debug|Any CPU
		{8DAB4EF9-4C84-48E2-85F2-4A7F208A76DE}.Debug|x86.ActiveCfg = Debug|Any CPU
		{8DAB4EF9-4C84-48E2-85F2-4A7F208A76DE}.Debug|x86.Build.0 = Debug|Any CPU
		{8DAB4EF9-4C84-48E2-85F2-4A7F208A76DE}.Release|Any CPU.ActiveCfg = Release|Any CPU
		{8DAB4EF9-4C84-48E2-85F2-4A7F208A76DE}.Release|Any CPU.Build.0 = Release|Any CPU
		{8DAB4EF9-4C84-48E2-85F2-4A7F208A76DE}.Release|ARM.ActiveCfg = Release|Any CPU
		{8DAB4EF9-4C84-48E2-85F2-4A7F208A76DE}.Release|ARM.Build.0 = Release|Any CPU
		{8DAB4EF9-4C84-48E2-85F2-4A7F208A76DE}.Release|iPhone.ActiveCfg = Release|Any CPU
		{8DAB4EF9-4C84-48E2-85F2-4A7F208A76DE}.Release|iPhone.Build.0 = Release|Any CPU
		{8DAB4EF9-4C84-48E2-85F2-4A7F208A76DE}.Release|iPhoneSimulator.ActiveCfg = Release|Any CPU
		{8DAB4EF9-4C84-48E2-85F2-4A7F208A76DE}.Release|iPhoneSimulator.Build.0 = Release|Any CPU
		{8DAB4EF9-4C84-48E2-85F2-4A7F208A76DE}.Release|x64.ActiveCfg = Release|Any CPU
		{8DAB4EF9-4C84-48E2-85F2-4A7F208A76DE}.Release|x64.Build.0 = Release|Any CPU
		{8DAB4EF9-4C84-48E2-85F2-4A7F208A76DE}.Release|x86.ActiveCfg = Release|Any CPU
		{8DAB4EF9-4C84-48E2-85F2-4A7F208A76DE}.Release|x86.Build.0 = Release|Any CPU
		{55DF7637-8471-43C9-A6FF-EFC7A1896A11}.Ad-Hoc|Any CPU.ActiveCfg = Release|x86
		{55DF7637-8471-43C9-A6FF-EFC7A1896A11}.Ad-Hoc|Any CPU.Build.0 = Release|x86
		{55DF7637-8471-43C9-A6FF-EFC7A1896A11}.Ad-Hoc|Any CPU.Deploy.0 = Release|x86
		{55DF7637-8471-43C9-A6FF-EFC7A1896A11}.Ad-Hoc|ARM.ActiveCfg = Release|ARM
		{55DF7637-8471-43C9-A6FF-EFC7A1896A11}.Ad-Hoc|ARM.Build.0 = Release|ARM
		{55DF7637-8471-43C9-A6FF-EFC7A1896A11}.Ad-Hoc|ARM.Deploy.0 = Release|ARM
		{55DF7637-8471-43C9-A6FF-EFC7A1896A11}.Ad-Hoc|iPhone.ActiveCfg = Release|x86
		{55DF7637-8471-43C9-A6FF-EFC7A1896A11}.Ad-Hoc|iPhone.Build.0 = Release|x86
		{55DF7637-8471-43C9-A6FF-EFC7A1896A11}.Ad-Hoc|iPhone.Deploy.0 = Release|x86
		{55DF7637-8471-43C9-A6FF-EFC7A1896A11}.Ad-Hoc|iPhoneSimulator.ActiveCfg = Release|x86
		{55DF7637-8471-43C9-A6FF-EFC7A1896A11}.Ad-Hoc|iPhoneSimulator.Build.0 = Release|x86
		{55DF7637-8471-43C9-A6FF-EFC7A1896A11}.Ad-Hoc|iPhoneSimulator.Deploy.0 = Release|x86
		{55DF7637-8471-43C9-A6FF-EFC7A1896A11}.Ad-Hoc|x64.ActiveCfg = Release|x64
		{55DF7637-8471-43C9-A6FF-EFC7A1896A11}.Ad-Hoc|x64.Build.0 = Release|x64
		{55DF7637-8471-43C9-A6FF-EFC7A1896A11}.Ad-Hoc|x64.Deploy.0 = Release|x64
		{55DF7637-8471-43C9-A6FF-EFC7A1896A11}.Ad-Hoc|x86.ActiveCfg = Release|x86
		{55DF7637-8471-43C9-A6FF-EFC7A1896A11}.Ad-Hoc|x86.Build.0 = Release|x86
		{55DF7637-8471-43C9-A6FF-EFC7A1896A11}.Ad-Hoc|x86.Deploy.0 = Release|x86
		{55DF7637-8471-43C9-A6FF-EFC7A1896A11}.AppStore|Any CPU.ActiveCfg = Release|x86
		{55DF7637-8471-43C9-A6FF-EFC7A1896A11}.AppStore|Any CPU.Build.0 = Release|x86
		{55DF7637-8471-43C9-A6FF-EFC7A1896A11}.AppStore|Any CPU.Deploy.0 = Release|x86
		{55DF7637-8471-43C9-A6FF-EFC7A1896A11}.AppStore|ARM.ActiveCfg = Release|ARM
		{55DF7637-8471-43C9-A6FF-EFC7A1896A11}.AppStore|ARM.Build.0 = Release|ARM
		{55DF7637-8471-43C9-A6FF-EFC7A1896A11}.AppStore|ARM.Deploy.0 = Release|ARM
		{55DF7637-8471-43C9-A6FF-EFC7A1896A11}.AppStore|iPhone.ActiveCfg = Release|x86
		{55DF7637-8471-43C9-A6FF-EFC7A1896A11}.AppStore|iPhone.Build.0 = Release|x86
		{55DF7637-8471-43C9-A6FF-EFC7A1896A11}.AppStore|iPhone.Deploy.0 = Release|x86
		{55DF7637-8471-43C9-A6FF-EFC7A1896A11}.AppStore|iPhoneSimulator.ActiveCfg = Release|x86
		{55DF7637-8471-43C9-A6FF-EFC7A1896A11}.AppStore|iPhoneSimulator.Build.0 = Release|x86
		{55DF7637-8471-43C9-A6FF-EFC7A1896A11}.AppStore|iPhoneSimulator.Deploy.0 = Release|x86
		{55DF7637-8471-43C9-A6FF-EFC7A1896A11}.AppStore|x64.ActiveCfg = Release|x64
		{55DF7637-8471-43C9-A6FF-EFC7A1896A11}.AppStore|x64.Build.0 = Release|x64
		{55DF7637-8471-43C9-A6FF-EFC7A1896A11}.AppStore|x64.Deploy.0 = Release|x64
		{55DF7637-8471-43C9-A6FF-EFC7A1896A11}.AppStore|x86.ActiveCfg = Release|x86
		{55DF7637-8471-43C9-A6FF-EFC7A1896A11}.AppStore|x86.Build.0 = Release|x86
		{55DF7637-8471-43C9-A6FF-EFC7A1896A11}.AppStore|x86.Deploy.0 = Release|x86
		{55DF7637-8471-43C9-A6FF-EFC7A1896A11}.Debug|Any CPU.ActiveCfg = Debug|x86
		{55DF7637-8471-43C9-A6FF-EFC7A1896A11}.Debug|ARM.ActiveCfg = Debug|ARM
		{55DF7637-8471-43C9-A6FF-EFC7A1896A11}.Debug|ARM.Build.0 = Debug|ARM
		{55DF7637-8471-43C9-A6FF-EFC7A1896A11}.Debug|ARM.Deploy.0 = Debug|ARM
		{55DF7637-8471-43C9-A6FF-EFC7A1896A11}.Debug|iPhone.ActiveCfg = Debug|x86
		{55DF7637-8471-43C9-A6FF-EFC7A1896A11}.Debug|iPhoneSimulator.ActiveCfg = Debug|x86
		{55DF7637-8471-43C9-A6FF-EFC7A1896A11}.Debug|x64.ActiveCfg = Debug|x64
		{55DF7637-8471-43C9-A6FF-EFC7A1896A11}.Debug|x64.Build.0 = Debug|x64
		{55DF7637-8471-43C9-A6FF-EFC7A1896A11}.Debug|x64.Deploy.0 = Debug|x64
		{55DF7637-8471-43C9-A6FF-EFC7A1896A11}.Debug|x86.ActiveCfg = Debug|x86
		{55DF7637-8471-43C9-A6FF-EFC7A1896A11}.Debug|x86.Build.0 = Debug|x86
		{55DF7637-8471-43C9-A6FF-EFC7A1896A11}.Debug|x86.Deploy.0 = Debug|x86
		{55DF7637-8471-43C9-A6FF-EFC7A1896A11}.Release|Any CPU.ActiveCfg = Release|x86
		{55DF7637-8471-43C9-A6FF-EFC7A1896A11}.Release|ARM.ActiveCfg = Release|ARM
		{55DF7637-8471-43C9-A6FF-EFC7A1896A11}.Release|ARM.Build.0 = Release|ARM
		{55DF7637-8471-43C9-A6FF-EFC7A1896A11}.Release|ARM.Deploy.0 = Release|ARM
		{55DF7637-8471-43C9-A6FF-EFC7A1896A11}.Release|iPhone.ActiveCfg = Release|x86
		{55DF7637-8471-43C9-A6FF-EFC7A1896A11}.Release|iPhoneSimulator.ActiveCfg = Release|x86
		{55DF7637-8471-43C9-A6FF-EFC7A1896A11}.Release|x64.ActiveCfg = Release|x64
		{55DF7637-8471-43C9-A6FF-EFC7A1896A11}.Release|x64.Build.0 = Release|x64
		{55DF7637-8471-43C9-A6FF-EFC7A1896A11}.Release|x64.Deploy.0 = Release|x64
		{55DF7637-8471-43C9-A6FF-EFC7A1896A11}.Release|x86.ActiveCfg = Release|x86
		{55DF7637-8471-43C9-A6FF-EFC7A1896A11}.Release|x86.Build.0 = Release|x86
		{55DF7637-8471-43C9-A6FF-EFC7A1896A11}.Release|x86.Deploy.0 = Release|x86
		{DB92A2CD-9A3A-4543-AEAD-3C39302047CB}.Ad-Hoc|Any CPU.ActiveCfg = Ad-Hoc|iPhoneSimulator
		{DB92A2CD-9A3A-4543-AEAD-3C39302047CB}.Ad-Hoc|ARM.ActiveCfg = Ad-Hoc|iPhone
		{DB92A2CD-9A3A-4543-AEAD-3C39302047CB}.Ad-Hoc|iPhone.ActiveCfg = Ad-Hoc|iPhone
		{DB92A2CD-9A3A-4543-AEAD-3C39302047CB}.Ad-Hoc|iPhone.Build.0 = Ad-Hoc|iPhone
		{DB92A2CD-9A3A-4543-AEAD-3C39302047CB}.Ad-Hoc|iPhoneSimulator.ActiveCfg = Ad-Hoc|iPhoneSimulator
		{DB92A2CD-9A3A-4543-AEAD-3C39302047CB}.Ad-Hoc|iPhoneSimulator.Build.0 = Ad-Hoc|iPhoneSimulator
		{DB92A2CD-9A3A-4543-AEAD-3C39302047CB}.Ad-Hoc|x64.ActiveCfg = Ad-Hoc|iPhone
		{DB92A2CD-9A3A-4543-AEAD-3C39302047CB}.Ad-Hoc|x86.ActiveCfg = Ad-Hoc|iPhone
		{DB92A2CD-9A3A-4543-AEAD-3C39302047CB}.AppStore|Any CPU.ActiveCfg = AppStore|iPhoneSimulator
		{DB92A2CD-9A3A-4543-AEAD-3C39302047CB}.AppStore|ARM.ActiveCfg = AppStore|iPhone
		{DB92A2CD-9A3A-4543-AEAD-3C39302047CB}.AppStore|iPhone.ActiveCfg = AppStore|iPhone
		{DB92A2CD-9A3A-4543-AEAD-3C39302047CB}.AppStore|iPhone.Build.0 = AppStore|iPhone
		{DB92A2CD-9A3A-4543-AEAD-3C39302047CB}.AppStore|iPhoneSimulator.ActiveCfg = AppStore|iPhoneSimulator
		{DB92A2CD-9A3A-4543-AEAD-3C39302047CB}.AppStore|iPhoneSimulator.Build.0 = AppStore|iPhoneSimulator
		{DB92A2CD-9A3A-4543-AEAD-3C39302047CB}.AppStore|x64.ActiveCfg = AppStore|iPhone
		{DB92A2CD-9A3A-4543-AEAD-3C39302047CB}.AppStore|x86.ActiveCfg = AppStore|iPhone
		{DB92A2CD-9A3A-4543-AEAD-3C39302047CB}.Debug|Any CPU.ActiveCfg = Debug|iPhoneSimulator
		{DB92A2CD-9A3A-4543-AEAD-3C39302047CB}.Debug|ARM.ActiveCfg = Debug|iPhone
		{DB92A2CD-9A3A-4543-AEAD-3C39302047CB}.Debug|iPhone.ActiveCfg = Debug|iPhone
		{DB92A2CD-9A3A-4543-AEAD-3C39302047CB}.Debug|iPhone.Build.0 = Debug|iPhone
		{DB92A2CD-9A3A-4543-AEAD-3C39302047CB}.Debug|iPhoneSimulator.ActiveCfg = Debug|iPhoneSimulator
		{DB92A2CD-9A3A-4543-AEAD-3C39302047CB}.Debug|iPhoneSimulator.Build.0 = Debug|iPhoneSimulator
		{DB92A2CD-9A3A-4543-AEAD-3C39302047CB}.Debug|x64.ActiveCfg = Debug|iPhone
		{DB92A2CD-9A3A-4543-AEAD-3C39302047CB}.Debug|x86.ActiveCfg = Debug|iPhone
		{DB92A2CD-9A3A-4543-AEAD-3C39302047CB}.Release|Any CPU.ActiveCfg = Release|iPhoneSimulator
		{DB92A2CD-9A3A-4543-AEAD-3C39302047CB}.Release|ARM.ActiveCfg = Release|iPhone
		{DB92A2CD-9A3A-4543-AEAD-3C39302047CB}.Release|iPhone.ActiveCfg = Release|iPhone
		{DB92A2CD-9A3A-4543-AEAD-3C39302047CB}.Release|iPhone.Build.0 = Release|iPhone
		{DB92A2CD-9A3A-4543-AEAD-3C39302047CB}.Release|iPhoneSimulator.ActiveCfg = Release|iPhoneSimulator
		{DB92A2CD-9A3A-4543-AEAD-3C39302047CB}.Release|iPhoneSimulator.Build.0 = Release|iPhoneSimulator
		{DB92A2CD-9A3A-4543-AEAD-3C39302047CB}.Release|x64.ActiveCfg = Release|iPhone
		{DB92A2CD-9A3A-4543-AEAD-3C39302047CB}.Release|x86.ActiveCfg = Release|iPhone
	EndGlobalSection
	GlobalSection(SolutionProperties) = preSolution
		HideSolutionNode = FALSE
	EndGlobalSection
	GlobalSection(ExtensibilityGlobals) = postSolution
		SolutionGuid = {1F672A12-DD57-4CDD-9986-3F0DD162E051}
	EndGlobalSection
EndGlobal
